// !$*UTF8*$!
{
	archiveVersion = 1;
	classes = {
	};
	objectVersion = 45;
	objects = {

/* Begin PBXBuildFile section */
		62BA3F6211CDD210005B91F7 /* OpalXMLEvent.h in Headers */ = {isa = PBXBuildFile; fileRef = 62BA3F5811CDD210005B91F7 /* OpalXMLEvent.h */; settings = {ATTRIBUTES = (Public, ); }; };
		62BA3F6311CDD210005B91F7 /* OpalXMLEvent.m in Sources */ = {isa = PBXBuildFile; fileRef = 62BA3F5911CDD210005B91F7 /* OpalXMLEvent.m */; };
		62BA3F6411CDD210005B91F7 /* OpalXMLParser.h in Headers */ = {isa = PBXBuildFile; fileRef = 62BA3F5A11CDD210005B91F7 /* OpalXMLParser.h */; settings = {ATTRIBUTES = (Public, ); }; };
		62BA3F6511CDD210005B91F7 /* OpalXMLParser.m in Sources */ = {isa = PBXBuildFile; fileRef = 62BA3F5B11CDD210005B91F7 /* OpalXMLParser.m */; };
		62BA3F6611CDD210005B91F7 /* OpalXMLResourceParser.h in Headers */ = {isa = PBXBuildFile; fileRef = 62BA3F5C11CDD210005B91F7 /* OpalXMLResourceParser.h */; settings = {ATTRIBUTES = (Public, ); }; };
		62BA3F6711CDD210005B91F7 /* OpalXMLResourceParser.m in Sources */ = {isa = PBXBuildFile; fileRef = 62BA3F5D11CDD210005B91F7 /* OpalXMLResourceParser.m */; };
		62BA3F6811CDD210005B91F7 /* OpalXMLScanner.h in Headers */ = {isa = PBXBuildFile; fileRef = 62BA3F5E11CDD210005B91F7 /* OpalXMLScanner.h */; settings = {ATTRIBUTES = (Public, ); }; };
		62BA3F6911CDD210005B91F7 /* OpalXMLScanner.m in Sources */ = {isa = PBXBuildFile; fileRef = 62BA3F5F11CDD210005B91F7 /* OpalXMLScanner.m */; };
		62BA3F6A11CDD210005B91F7 /* RegexKitLite.h in Headers */ = {isa = PBXBuildFile; fileRef = 62BA3F6011CDD210005B91F7 /* RegexKitLite.h */; };
		62BA3F6B11CDD210005B91F7 /* RegexKitLite.m in Sources */ = {isa = PBXBuildFile; fileRef = 62BA3F6111CDD210005B91F7 /* RegexKitLite.m */; };
		8DC2EF530486A6940098B216 /* InfoPlist.strings in Resources */ = {isa = PBXBuildFile; fileRef = 089C1666FE841158C02AAC07 /* InfoPlist.strings */; };
		8DC2EF570486A6940098B216 /* Cocoa.framework in Frameworks */ = {isa = PBXBuildFile; fileRef = 1058C7B1FEA5585E11CA2CBB /* Cocoa.framework */; };
/* End PBXBuildFile section */

/* Begin PBXFileReference section */
		0867D69BFE84028FC02AAC07 /* Foundation.framework */ = {isa = PBXFileReference; lastKnownFileType = wrapper.framework; name = Foundation.framework; path = /System/Library/Frameworks/Foundation.framework; sourceTree = "<absolute>"; };
		0867D6A5FE840307C02AAC07 /* AppKit.framework */ = {isa = PBXFileReference; lastKnownFileType = wrapper.framework; name = AppKit.framework; path = /System/Library/Frameworks/AppKit.framework; sourceTree = "<absolute>"; };
		089C1667FE841158C02AAC07 /* English */ = {isa = PBXFileReference; fileEncoding = 4; lastKnownFileType = text.plist.strings; name = English; path = English.lproj/InfoPlist.strings; sourceTree = "<group>"; };
		1058C7B1FEA5585E11CA2CBB /* Cocoa.framework */ = {isa = PBXFileReference; lastKnownFileType = wrapper.framework; name = Cocoa.framework; path = /System/Library/Frameworks/Cocoa.framework; sourceTree = "<absolute>"; };
		32DBCF5E0370ADEE00C91783 /* Opal_Prefix.pch */ = {isa = PBXFileReference; fileEncoding = 4; lastKnownFileType = sourcecode.c.h; path = Opal_Prefix.pch; sourceTree = "<group>"; };
		62BA3F5811CDD210005B91F7 /* OpalXMLEvent.h */ = {isa = PBXFileReference; fileEncoding = 4; lastKnownFileType = sourcecode.c.h; path = OpalXMLEvent.h; sourceTree = "<group>"; };
		62BA3F5911CDD210005B91F7 /* OpalXMLEvent.m */ = {isa = PBXFileReference; fileEncoding = 4; lastKnownFileType = sourcecode.c.objc; path = OpalXMLEvent.m; sourceTree = "<group>"; };
		62BA3F5A11CDD210005B91F7 /* OpalXMLParser.h */ = {isa = PBXFileReference; fileEncoding = 4; lastKnownFileType = sourcecode.c.h; path = OpalXMLParser.h; sourceTree = "<group>"; };
		62BA3F5B11CDD210005B91F7 /* OpalXMLParser.m */ = {isa = PBXFileReference; fileEncoding = 4; lastKnownFileType = sourcecode.c.objc; path = OpalXMLParser.m; sourceTree = "<group>"; };
		62BA3F5C11CDD210005B91F7 /* OpalXMLResourceParser.h */ = {isa = PBXFileReference; fileEncoding = 4; lastKnownFileType = sourcecode.c.h; path = OpalXMLResourceParser.h; sourceTree = "<group>"; };
		62BA3F5D11CDD210005B91F7 /* OpalXMLResourceParser.m */ = {isa = PBXFileReference; fileEncoding = 4; lastKnownFileType = sourcecode.c.objc; path = OpalXMLResourceParser.m; sourceTree = "<group>"; };
		62BA3F5E11CDD210005B91F7 /* OpalXMLScanner.h */ = {isa = PBXFileReference; fileEncoding = 4; lastKnownFileType = sourcecode.c.h; path = OpalXMLScanner.h; sourceTree = "<group>"; };
		62BA3F5F11CDD210005B91F7 /* OpalXMLScanner.m */ = {isa = PBXFileReference; fileEncoding = 4; lastKnownFileType = sourcecode.c.objc; path = OpalXMLScanner.m; sourceTree = "<group>"; };
		62BA3F6011CDD210005B91F7 /* RegexKitLite.h */ = {isa = PBXFileReference; fileEncoding = 4; lastKnownFileType = sourcecode.c.h; path = RegexKitLite.h; sourceTree = "<group>"; };
		62BA3F6111CDD210005B91F7 /* RegexKitLite.m */ = {isa = PBXFileReference; fileEncoding = 4; lastKnownFileType = sourcecode.c.objc; path = RegexKitLite.m; sourceTree = "<group>"; };
		8DC2EF5A0486A6940098B216 /* Info.plist */ = {isa = PBXFileReference; fileEncoding = 4; lastKnownFileType = text.plist.xml; path = Info.plist; sourceTree = "<group>"; };
		8DC2EF5B0486A6940098B216 /* Opal.framework */ = {isa = PBXFileReference; explicitFileType = wrapper.framework; includeInIndex = 0; path = Opal.framework; sourceTree = BUILT_PRODUCTS_DIR; };
		D2F7E79907B2D74100F64583 /* CoreData.framework */ = {isa = PBXFileReference; lastKnownFileType = wrapper.framework; name = CoreData.framework; path = /System/Library/Frameworks/CoreData.framework; sourceTree = "<absolute>"; };
/* End PBXFileReference section */

/* Begin PBXFrameworksBuildPhase section */
		8DC2EF560486A6940098B216 /* Frameworks */ = {
			isa = PBXFrameworksBuildPhase;
			buildActionMask = 2147483647;
			files = (
				8DC2EF570486A6940098B216 /* Cocoa.framework in Frameworks */,
			);
			runOnlyForDeploymentPostprocessing = 0;
		};
/* End PBXFrameworksBuildPhase section */

/* Begin PBXGroup section */
		034768DFFF38A50411DB9C8B /* Products */ = {
			isa = PBXGroup;
			children = (
				8DC2EF5B0486A6940098B216 /* Opal.framework */,
			);
			name = Products;
			sourceTree = "<group>";
		};
		0867D691FE84028FC02AAC07 /* Opal */ = {
			isa = PBXGroup;
			children = (
				08FB77AEFE84172EC02AAC07 /* Classes */,
				32C88DFF0371C24200C91783 /* Other Sources */,
				089C1665FE841158C02AAC07 /* Resources */,
				0867D69AFE84028FC02AAC07 /* External Frameworks and Libraries */,
				034768DFFF38A50411DB9C8B /* Products */,
			);
			name = Opal;
			sourceTree = "<group>";
		};
		0867D69AFE84028FC02AAC07 /* External Frameworks and Libraries */ = {
			isa = PBXGroup;
			children = (
				1058C7B0FEA5585E11CA2CBB /* Linked Frameworks */,
				1058C7B2FEA5585E11CA2CBB /* Other Frameworks */,
			);
			name = "External Frameworks and Libraries";
			sourceTree = "<group>";
		};
		089C1665FE841158C02AAC07 /* Resources */ = {
			isa = PBXGroup;
			children = (
				8DC2EF5A0486A6940098B216 /* Info.plist */,
				089C1666FE841158C02AAC07 /* InfoPlist.strings */,
			);
			name = Resources;
			sourceTree = "<group>";
		};
		08FB77AEFE84172EC02AAC07 /* Classes */ = {
			isa = PBXGroup;
			children = (
				62BA3F5811CDD210005B91F7 /* OpalXMLEvent.h */,
				62BA3F5911CDD210005B91F7 /* OpalXMLEvent.m */,
				62BA3F5A11CDD210005B91F7 /* OpalXMLParser.h */,
				62BA3F5B11CDD210005B91F7 /* OpalXMLParser.m */,
				62BA3F5C11CDD210005B91F7 /* OpalXMLResourceParser.h */,
				62BA3F5D11CDD210005B91F7 /* OpalXMLResourceParser.m */,
				62BA3F5E11CDD210005B91F7 /* OpalXMLScanner.h */,
				62BA3F5F11CDD210005B91F7 /* OpalXMLScanner.m */,
				62BA3F6011CDD210005B91F7 /* RegexKitLite.h */,
				62BA3F6111CDD210005B91F7 /* RegexKitLite.m */,
			);
			name = Classes;
			sourceTree = "<group>";
		};
		1058C7B0FEA5585E11CA2CBB /* Linked Frameworks */ = {
			isa = PBXGroup;
			children = (
				1058C7B1FEA5585E11CA2CBB /* Cocoa.framework */,
			);
			name = "Linked Frameworks";
			sourceTree = "<group>";
		};
		1058C7B2FEA5585E11CA2CBB /* Other Frameworks */ = {
			isa = PBXGroup;
			children = (
				0867D6A5FE840307C02AAC07 /* AppKit.framework */,
				D2F7E79907B2D74100F64583 /* CoreData.framework */,
				0867D69BFE84028FC02AAC07 /* Foundation.framework */,
			);
			name = "Other Frameworks";
			sourceTree = "<group>";
		};
		32C88DFF0371C24200C91783 /* Other Sources */ = {
			isa = PBXGroup;
			children = (
				32DBCF5E0370ADEE00C91783 /* Opal_Prefix.pch */,
			);
			name = "Other Sources";
			sourceTree = "<group>";
		};
/* End PBXGroup section */

/* Begin PBXHeadersBuildPhase section */
		8DC2EF500486A6940098B216 /* Headers */ = {
			isa = PBXHeadersBuildPhase;
			buildActionMask = 2147483647;
			files = (
				62BA3F6211CDD210005B91F7 /* OpalXMLEvent.h in Headers */,
				62BA3F6411CDD210005B91F7 /* OpalXMLParser.h in Headers */,
				62BA3F6611CDD210005B91F7 /* OpalXMLResourceParser.h in Headers */,
				62BA3F6811CDD210005B91F7 /* OpalXMLScanner.h in Headers */,
				62BA3F6A11CDD210005B91F7 /* RegexKitLite.h in Headers */,
			);
			runOnlyForDeploymentPostprocessing = 0;
		};
/* End PBXHeadersBuildPhase section */

/* Begin PBXNativeTarget section */
		8DC2EF4F0486A6940098B216 /* Opal */ = {
			isa = PBXNativeTarget;
			buildConfigurationList = 1DEB91AD08733DA50010E9CD /* Build configuration list for PBXNativeTarget "Opal" */;
			buildPhases = (
				8DC2EF500486A6940098B216 /* Headers */,
				8DC2EF520486A6940098B216 /* Resources */,
				8DC2EF540486A6940098B216 /* Sources */,
				8DC2EF560486A6940098B216 /* Frameworks */,
				629646F511CE9017005032A3 /* Generate BridgeSupport */,
			);
			buildRules = (
			);
			dependencies = (
			);
			name = Opal;
			productInstallPath = "$(HOME)/Library/Frameworks";
			productName = Opal;
			productReference = 8DC2EF5B0486A6940098B216 /* Opal.framework */;
			productType = "com.apple.product-type.framework";
		};
/* End PBXNativeTarget section */

/* Begin PBXProject section */
		0867D690FE84028FC02AAC07 /* Project object */ = {
			isa = PBXProject;
			buildConfigurationList = 1DEB91B108733DA50010E9CD /* Build configuration list for PBXProject "Opal" */;
			compatibilityVersion = "Xcode 3.1";
			hasScannedForEncodings = 1;
			mainGroup = 0867D691FE84028FC02AAC07 /* Opal */;
			productRefGroup = 034768DFFF38A50411DB9C8B /* Products */;
			projectDirPath = "";
			projectRoot = "";
			targets = (
				8DC2EF4F0486A6940098B216 /* Opal */,
			);
		};
/* End PBXProject section */

/* Begin PBXResourcesBuildPhase section */
		8DC2EF520486A6940098B216 /* Resources */ = {
			isa = PBXResourcesBuildPhase;
			buildActionMask = 2147483647;
			files = (
				8DC2EF530486A6940098B216 /* InfoPlist.strings in Resources */,
			);
			runOnlyForDeploymentPostprocessing = 0;
		};
/* End PBXResourcesBuildPhase section */

/* Begin PBXShellScriptBuildPhase section */
		629646F511CE9017005032A3 /* Generate BridgeSupport */ = {
			isa = PBXShellScriptBuildPhase;
			buildActionMask = 2147483647;
			files = (
			);
			inputPaths = (
				"$(SRCROOT)/OpalXMLParser.h",
				"$(SRCROOT)/OpalXMLEvent.h",
				"$(SRCROOT)/OpalXMLScanner.h",
				"$(SRCROOT)/OpalXMLResourceParser.h",
			);
			name = "Generate BridgeSupport";
			outputPaths = (
				"$(TARGET_BUILD_DIR)/$(UNLOCALIZED_RESOURCES_FOLDER_PATH)/BridgeSupport/$(PRODUCT_NAME).bridgesupport",
			);
			runOnlyForDeploymentPostprocessing = 0;
			shellPath = /bin/sh;
			shellScript = "mkdir -p ${DERIVED_FILE_DIR}\ngen_bridge_metadata -f ${TARGET_BUILD_DIR}/${WRAPPER_NAME} > ${DERIVED_FILE_DIR}/${PRODUCT_NAME}.bridgesupport\n\nmkdir -p ${TARGET_BUILD_DIR}/${UNLOCALIZED_RESOURCES_FOLDER_PATH}/BridgeSupport\ncp ${DERIVED_FILE_DIR}/${PRODUCT_NAME}.bridgesupport ${TARGET_BUILD_DIR}/${UNLOCALIZED_RESOURCES_FOLDER_PATH}/BridgeSupport/${PRODUCT_NAME}.bridgesupport";
		};
/* End PBXShellScriptBuildPhase section */

/* Begin PBXSourcesBuildPhase section */
		8DC2EF540486A6940098B216 /* Sources */ = {
			isa = PBXSourcesBuildPhase;
			buildActionMask = 2147483647;
			files = (
				62BA3F6311CDD210005B91F7 /* OpalXMLEvent.m in Sources */,
				62BA3F6511CDD210005B91F7 /* OpalXMLParser.m in Sources */,
				62BA3F6711CDD210005B91F7 /* OpalXMLResourceParser.m in Sources */,
				62BA3F6911CDD210005B91F7 /* OpalXMLScanner.m in Sources */,
				62BA3F6B11CDD210005B91F7 /* RegexKitLite.m in Sources */,
			);
			runOnlyForDeploymentPostprocessing = 0;
		};
/* End PBXSourcesBuildPhase section */

/* Begin PBXVariantGroup section */
		089C1666FE841158C02AAC07 /* InfoPlist.strings */ = {
			isa = PBXVariantGroup;
			children = (
				089C1667FE841158C02AAC07 /* English */,
			);
			name = InfoPlist.strings;
			sourceTree = "<group>";
		};
/* End PBXVariantGroup section */

/* Begin XCBuildConfiguration section */
		1DEB91AE08733DA50010E9CD /* Debug */ = {
			isa = XCBuildConfiguration;
			buildSettings = {
				ALWAYS_SEARCH_USER_PATHS = NO;
				COPY_PHASE_STRIP = NO;
				DYLIB_COMPATIBILITY_VERSION = 1;
				DYLIB_CURRENT_VERSION = 1;
				FRAMEWORK_VERSION = A;
				GCC_DYNAMIC_NO_PIC = NO;
				GCC_ENABLE_FIX_AND_CONTINUE = YES;
				GCC_ENABLE_OBJC_GC = supported;
				GCC_MODEL_TUNING = G5;
				GCC_OPTIMIZATION_LEVEL = 0;
				GCC_PRECOMPILE_PREFIX_HEADER = YES;
				GCC_PREFIX_HEADER = Opal_Prefix.pch;
				INFOPLIST_FILE = Info.plist;
				INSTALL_PATH = "$(HOME)/Library/Frameworks";
				LD_DYLIB_INSTALL_NAME = "@rpath/$(EXECUTABLE_PATH)";
				OTHER_LDFLAGS = "-licucore";
				PRODUCT_NAME = Opal;
				WRAPPER_EXTENSION = framework;
			};
			name = Debug;
		};
		1DEB91AF08733DA50010E9CD /* Release */ = {
			isa = XCBuildConfiguration;
			buildSettings = {
				ALWAYS_SEARCH_USER_PATHS = NO;
				DEBUG_INFORMATION_FORMAT = "dwarf-with-dsym";
				DYLIB_COMPATIBILITY_VERSION = 1;
				DYLIB_CURRENT_VERSION = 1;
				FRAMEWORK_VERSION = A;
				GCC_ENABLE_OBJC_GC = supported;
				GCC_MODEL_TUNING = G5;
				GCC_PRECOMPILE_PREFIX_HEADER = YES;
				GCC_PREFIX_HEADER = Opal_Prefix.pch;
				INFOPLIST_FILE = Info.plist;
				INSTALL_PATH = "$(HOME)/Library/Frameworks";
				LD_DYLIB_INSTALL_NAME = "@rpath/$(EXECUTABLE_PATH)";
				OTHER_LDFLAGS = "-licucore";
				PRODUCT_NAME = Opal;
				WRAPPER_EXTENSION = framework;
			};
			name = Release;
		};
		1DEB91B208733DA50010E9CD /* Debug */ = {
			isa = XCBuildConfiguration;
			buildSettings = {
				ARCHS = "$(ARCHS_STANDARD_32_64_BIT)";
				GCC_C_LANGUAGE_STANDARD = gnu99;
				GCC_OPTIMIZATION_LEVEL = 0;
				GCC_WARN_ABOUT_RETURN_TYPE = YES;
				GCC_WARN_UNUSED_VARIABLE = YES;
				ONLY_ACTIVE_ARCH = YES;
				PREBINDING = NO;
				SDKROOT = macosx10.6;
			};
			name = Debug;
		};
		1DEB91B308733DA50010E9CD /* Release */ = {
			isa = XCBuildConfiguration;
			buildSettings = {
				ARCHS = "$(ARCHS_STANDARD_32_64_BIT)";
				GCC_C_LANGUAGE_STANDARD = gnu99;
				GCC_WARN_ABOUT_RETURN_TYPE = YES;
				GCC_WARN_UNUSED_VARIABLE = YES;
				PREBINDING = NO;
				SDKROOT = macosx10.6;
			};
			name = Release;
		};
/* End XCBuildConfiguration section */

/* Begin XCConfigurationList section */
		1DEB91AD08733DA50010E9CD /* Build configuration list for PBXNativeTarget "Opal" */ = {
			isa = XCConfigurationList;
			buildConfigurations = (
				1DEB91AE08733DA50010E9CD /* Debug */,
				1DEB91AF08733DA50010E9CD /* Release */,
			);
			defaultConfigurationIsVisible = 0;
			defaultConfigurationName = Release;
		};
		1DEB91B108733DA50010E9CD /* Build configuration list for PBXProject "Opal" */ = {
			isa = XCConfigurationList;
			buildConfigurations = (
				1DEB91B208733DA50010E9CD /* Debug */,
				1DEB91B308733DA50010E9CD /* Release */,
			);
			defaultConfigurationIsVisible = 0;
			defaultConfigurationName = Release;
		};
/* End XCConfigurationList section */
	};
	rootObject = 0867D690FE84028FC02AAC07 /* Project object */;
}
